
Microsoft Visual Studio Solution File, Format Version 12.00
# TcXaeShell Solution File, Format Version 11.00
VisualStudioVersion = 17.7.34302.85
MinimumVisualStudioVersion = 10.0.40219.1
Project("{B1E792BE-AA5F-4E3C-8C82-674BF9C0715B}") = "Building Blocks Library", "Building Blocks Library.tsproj", "{EB532D4A-8E4A-4AB9-A70C-22654B2C2508}"
EndProject
Global
	GlobalSection(SolutionConfigurationPlatforms) = preSolution
		Debug|TwinCAT OS (ARMV7-A) = Debug|TwinCAT OS (ARMV7-A)
		Debug|TwinCAT OS (ARMV7-M) = Debug|TwinCAT OS (ARMV7-M)
		Debug|TwinCAT OS (ARMV8-A) = Debug|TwinCAT OS (ARMV8-A)
		Debug|TwinCAT OS (x64) = Debug|TwinCAT OS (x64)
		Debug|TwinCAT RT (x64) = Debug|TwinCAT RT (x64)
		Debug|TwinCAT RT (x86) = Debug|TwinCAT RT (x86)
		Release|TwinCAT OS (ARMV7-A) = Release|TwinCAT OS (ARMV7-A)
		Release|TwinCAT OS (ARMV7-M) = Release|TwinCAT OS (ARMV7-M)
		Release|TwinCAT OS (ARMV8-A) = Release|TwinCAT OS (ARMV8-A)
		Release|TwinCAT OS (x64) = Release|TwinCAT OS (x64)
		Release|TwinCAT RT (x64) = Release|TwinCAT RT (x64)
		Release|TwinCAT RT (x86) = Release|TwinCAT RT (x86)
	EndGlobalSection
	GlobalSection(ProjectConfigurationPlatforms) = postSolution
		{EB532D4A-8E4A-4AB9-A70C-22654B2C2508}.Debug|TwinCAT OS (ARMV7-A).ActiveCfg = Debug|TwinCAT OS (ARMV7-A)
		{EB532D4A-8E4A-4AB9-A70C-22654B2C2508}.Debug|TwinCAT OS (ARMV7-A).Build.0 = Debug|TwinCAT OS (ARMV7-A)
		{EB532D4A-8E4A-4AB9-A70C-22654B2C2508}.Debug|TwinCAT OS (ARMV7-M).ActiveCfg = Debug|TwinCAT OS (ARMV7-M)
		{EB532D4A-8E4A-4AB9-A70C-22654B2C2508}.Debug|TwinCAT OS (ARMV7-M).Build.0 = Debug|TwinCAT OS (ARMV7-M)
		{EB532D4A-8E4A-4AB9-A70C-22654B2C2508}.Debug|TwinCAT OS (ARMV8-A).ActiveCfg = Debug|TwinCAT OS (ARMV8-A)
		{EB532D4A-8E4A-4AB9-A70C-22654B2C2508}.Debug|TwinCAT OS (ARMV8-A).Build.0 = Debug|TwinCAT OS (ARMV8-A)
		{EB532D4A-8E4A-4AB9-A70C-22654B2C2508}.Debug|TwinCAT OS (x64).ActiveCfg = Debug|TwinCAT OS (x64)
		{EB532D4A-8E4A-4AB9-A70C-22654B2C2508}.Debug|TwinCAT OS (x64).Build.0 = Debug|TwinCAT OS (x64)
		{EB532D4A-8E4A-4AB9-A70C-22654B2C2508}.Debug|TwinCAT RT (x64).ActiveCfg = Debug|TwinCAT RT (x64)
		{EB532D4A-8E4A-4AB9-A70C-22654B2C2508}.Debug|TwinCAT RT (x64).Build.0 = Debug|TwinCAT RT (x64)
		{EB532D4A-8E4A-4AB9-A70C-22654B2C2508}.Debug|TwinCAT RT (x86).ActiveCfg = Debug|TwinCAT RT (x86)
		{EB532D4A-8E4A-4AB9-A70C-22654B2C2508}.Debug|TwinCAT RT (x86).Build.0 = Debug|TwinCAT RT (x86)
		{EB532D4A-8E4A-4AB9-A70C-22654B2C2508}.Release|TwinCAT OS (ARMV7-A).ActiveCfg = Release|TwinCAT OS (ARMV7-A)
		{EB532D4A-8E4A-4AB9-A70C-22654B2C2508}.Release|TwinCAT OS (ARMV7-A).Build.0 = Release|TwinCAT OS (ARMV7-A)
		{EB532D4A-8E4A-4AB9-A70C-22654B2C2508}.Release|TwinCAT OS (ARMV7-M).ActiveCfg = Release|TwinCAT OS (ARMV7-M)
		{EB532D4A-8E4A-4AB9-A70C-22654B2C2508}.Release|TwinCAT OS (ARMV7-M).Build.0 = Release|TwinCAT OS (ARMV7-M)
		{EB532D4A-8E4A-4AB9-A70C-22654B2C2508}.Release|TwinCAT OS (ARMV8-A).ActiveCfg = Release|TwinCAT OS (ARMV8-A)
		{EB532D4A-8E4A-4AB9-A70C-22654B2C2508}.Release|TwinCAT OS (ARMV8-A).Build.0 = Release|TwinCAT OS (ARMV8-A)
		{EB532D4A-8E4A-4AB9-A70C-22654B2C2508}.Release|TwinCAT OS (x64).ActiveCfg = Release|TwinCAT OS (x64)
		{EB532D4A-8E4A-4AB9-A70C-22654B2C2508}.Release|TwinCAT OS (x64).Build.0 = Release|TwinCAT OS (x64)
		{EB532D4A-8E4A-4AB9-A70C-22654B2C2508}.Release|TwinCAT RT (x64).ActiveCfg = Release|TwinCAT RT (x64)
		{EB532D4A-8E4A-4AB9-A70C-22654B2C2508}.Release|TwinCAT RT (x64).Build.0 = Release|TwinCAT RT (x64)
		{EB532D4A-8E4A-4AB9-A70C-22654B2C2508}.Release|TwinCAT RT (x86).ActiveCfg = Release|TwinCAT RT (x86)
		{EB532D4A-8E4A-4AB9-A70C-22654B2C2508}.Release|TwinCAT RT (x86).Build.0 = Release|TwinCAT RT (x86)
		{EDD262B4-FE14-42D4-B6CD-0E7374685E5C}.Debug|TwinCAT OS (ARMV7-A).ActiveCfg = Debug|TwinCAT OS (ARMV7-A)
		{EDD262B4-FE14-42D4-B6CD-0E7374685E5C}.Debug|TwinCAT OS (ARMV7-A).Build.0 = Debug|TwinCAT OS (ARMV7-A)
		{EDD262B4-FE14-42D4-B6CD-0E7374685E5C}.Debug|TwinCAT OS (ARMV7-M).ActiveCfg = Debug|TwinCAT OS (ARMV7-M)
		{EDD262B4-FE14-42D4-B6CD-0E7374685E5C}.Debug|TwinCAT OS (ARMV7-M).Build.0 = Debug|TwinCAT OS (ARMV7-M)
		{EDD262B4-FE14-42D4-B6CD-0E7374685E5C}.Debug|TwinCAT OS (ARMV8-A).ActiveCfg = Debug|TwinCAT OS (ARMV8-A)
		{EDD262B4-FE14-42D4-B6CD-0E7374685E5C}.Debug|TwinCAT OS (ARMV8-A).Build.0 = Debug|TwinCAT OS (ARMV8-A)
		{EDD262B4-FE14-42D4-B6CD-0E7374685E5C}.Debug|TwinCAT OS (x64).ActiveCfg = Debug|TwinCAT OS (x64)
		{EDD262B4-FE14-42D4-B6CD-0E7374685E5C}.Debug|TwinCAT OS (x64).Build.0 = Debug|TwinCAT OS (x64)
		{EDD262B4-FE14-42D4-B6CD-0E7374685E5C}.Debug|TwinCAT RT (x64).ActiveCfg = Debug|TwinCAT RT (x64)
		{EDD262B4-FE14-42D4-B6CD-0E7374685E5C}.Debug|TwinCAT RT (x64).Build.0 = Debug|TwinCAT RT (x64)
		{EDD262B4-FE14-42D4-B6CD-0E7374685E5C}.Debug|TwinCAT RT (x86).ActiveCfg = Debug|TwinCAT RT (x86)
		{EDD262B4-FE14-42D4-B6CD-0E7374685E5C}.Debug|TwinCAT RT (x86).Build.0 = Debug|TwinCAT RT (x86)
		{EDD262B4-FE14-42D4-B6CD-0E7374685E5C}.Release|TwinCAT OS (ARMV7-A).ActiveCfg = Release|TwinCAT OS (ARMV7-A)
		{EDD262B4-FE14-42D4-B6CD-0E7374685E5C}.Release|TwinCAT OS (ARMV7-A).Build.0 = Release|TwinCAT OS (ARMV7-A)
		{EDD262B4-FE14-42D4-B6CD-0E7374685E5C}.Release|TwinCAT OS (ARMV7-M).ActiveCfg = Release|TwinCAT OS (ARMV7-M)
		{EDD262B4-FE14-42D4-B6CD-0E7374685E5C}.Release|TwinCAT OS (ARMV7-M).Build.0 = Release|TwinCAT OS (ARMV7-M)
		{EDD262B4-FE14-42D4-B6CD-0E7374685E5C}.Release|TwinCAT OS (ARMV8-A).ActiveCfg = Release|TwinCAT OS (ARMV8-A)
		{EDD262B4-FE14-42D4-B6CD-0E7374685E5C}.Release|TwinCAT OS (ARMV8-A).Build.0 = Release|TwinCAT OS (ARMV8-A)
		{EDD262B4-FE14-42D4-B6CD-0E7374685E5C}.Release|TwinCAT OS (x64).ActiveCfg = Release|TwinCAT OS (x64)
		{EDD262B4-FE14-42D4-B6CD-0E7374685E5C}.Release|TwinCAT OS (x64).Build.0 = Release|TwinCAT OS (x64)
		{EDD262B4-FE14-42D4-B6CD-0E7374685E5C}.Release|TwinCAT RT (x64).ActiveCfg = Release|TwinCAT RT (x64)
		{EDD262B4-FE14-42D4-B6CD-0E7374685E5C}.Release|TwinCAT RT (x64).Build.0 = Release|TwinCAT RT (x64)
		{EDD262B4-FE14-42D4-B6CD-0E7374685E5C}.Release|TwinCAT RT (x86).ActiveCfg = Release|TwinCAT RT (x86)
		{EDD262B4-FE14-42D4-B6CD-0E7374685E5C}.Release|TwinCAT RT (x86).Build.0 = Release|TwinCAT RT (x86)
	EndGlobalSection
	GlobalSection(SolutionProperties) = preSolution
		HideSolutionNode = FALSE
	EndGlobalSection
	GlobalSection(ExtensibilityGlobals) = postSolution
		SolutionGuid = {3B8E7BBE-0E17-49F2-A8CC-FC7823309695}
	EndGlobalSection
EndGlobal
